
Microsoft Visual Studio Solution File, Format Version 12.00
# Visual Studio 15
VisualStudioVersion = 15.0.28010.2003
MinimumVisualStudioVersion = 10.0.40219.1
Project("{FAE04EC0-301F-11D3-BF4B-00C04F79EFBC}") = "WebApp", "WebApp\WebApp.csproj", "{349E5512-799D-4016-8F10-16134CD15E26}"
EndProject
Global
	GlobalSection(SolutionConfigurationPlatforms) = preSolution
		Debug|Any CPU = Debug|Any CPU
		Release|Any CPU = Release|Any CPU
	EndGlobalSection
	GlobalSection(ProjectConfigurationPlatforms) = postSolution
		{349E5512-799D-4016-8F10-16134CD15E26}.Debug|Any CPU.ActiveCfg = Debug|Any CPU
		{349E5512-799D-4016-8F10-16134CD15E26}.Debug|Any CPU.Build.0 = Debug|Any CPU
		{349E5512-799D-4016-8F10-16134CD15E26}.Release|Any CPU.ActiveCfg = Release|Any CPU
		{349E5512-799D-4016-8F10-16134CD15E26}.Release|Any CPU.Build.0 = Release|Any CPU
	EndGlobalSection
	GlobalSection(SolutionProperties) = preSolution
		HideSolutionNode = FALSE
	EndGlobalSection
	GlobalSection(ExtensibilityGlobals) = postSolution
		SolutionGuid = {D8127C2D-0E32-4902-9789-2E342B6C35D0}
	EndGlobalSection
EndGlobal
